
Microsoft Visual Studio Solution File, Format Version 12.00
# Visual Studio Version 16
VisualStudioVersion = 16.0.29306.81
MinimumVisualStudioVersion = 10.0.40219.1
Project("{FAE04EC0-301F-11D3-BF4B-00C04F79EFBC}") = "8 лаба", "8 лаба\8 лаба.csproj", "{52EE2196-F2C9-442E-A709-DD4ADCBBC47F}"
EndProject
Global
	GlobalSection(SolutionConfigurationPlatforms) = preSolution
		Debug|Any CPU = Debug|Any CPU
		Release|Any CPU = Release|Any CPU
	EndGlobalSection
	GlobalSection(ProjectConfigurationPlatforms) = postSolution
		{52EE2196-F2C9-442E-A709-DD4ADCBBC47F}.Debug|Any CPU.ActiveCfg = Debug|Any CPU
		{52EE2196-F2C9-442E-A709-DD4ADCBBC47F}.Debug|Any CPU.Build.0 = Debug|Any CPU
		{52EE2196-F2C9-442E-A709-DD4ADCBBC47F}.Release|Any CPU.ActiveCfg = Release|Any CPU
		{52EE2196-F2C9-442E-A709-DD4ADCBBC47F}.Release|Any CPU.Build.0 = Release|Any CPU
	EndGlobalSection
	GlobalSection(SolutionProperties) = preSolution
		HideSolutionNode = FALSE
	EndGlobalSection
	GlobalSection(ExtensibilityGlobals) = postSolution
		SolutionGuid = {AAF4A2F4-187C-433D-A310-8E232F9F921D}
	EndGlobalSection
EndGlobal
