
Microsoft Visual Studio Solution File, Format Version 12.00
# Visual Studio 15
VisualStudioVersion = 15.0.28010.2046
MinimumVisualStudioVersion = 10.0.40219.1
Project("{8BC9CEB8-8B4A-11D0-8D11-00A0C91BC942}") = "key", "key\key.vcxproj", "{43FD9C4C-30B7-4D2F-B326-738003BAF56E}"
EndProject
Global
	GlobalSection(SolutionConfigurationPlatforms) = preSolution
		Debug|x64 = Debug|x64
		Debug|x86 = Debug|x86
		Release|x64 = Release|x64
		Release|x86 = Release|x86
	EndGlobalSection
	GlobalSection(ProjectConfigurationPlatforms) = postSolution
		{43FD9C4C-30B7-4D2F-B326-738003BAF56E}.Debug|x64.ActiveCfg = Debug|x64
		{43FD9C4C-30B7-4D2F-B326-738003BAF56E}.Debug|x64.Build.0 = Debug|x64
		{43FD9C4C-30B7-4D2F-B326-738003BAF56E}.Debug|x86.ActiveCfg = Debug|Win32
		{43FD9C4C-30B7-4D2F-B326-738003BAF56E}.Debug|x86.Build.0 = Debug|Win32
		{43FD9C4C-30B7-4D2F-B326-738003BAF56E}.Release|x64.ActiveCfg = Release|x64
		{43FD9C4C-30B7-4D2F-B326-738003BAF56E}.Release|x64.Build.0 = Release|x64
		{43FD9C4C-30B7-4D2F-B326-738003BAF56E}.Release|x86.ActiveCfg = Release|Win32
		{43FD9C4C-30B7-4D2F-B326-738003BAF56E}.Release|x86.Build.0 = Release|Win32
	EndGlobalSection
	GlobalSection(SolutionProperties) = preSolution
		HideSolutionNode = FALSE
	EndGlobalSection
	GlobalSection(ExtensibilityGlobals) = postSolution
		SolutionGuid = {C5043DAC-0A45-4E23-B522-9AA5352DDB20}
	EndGlobalSection
EndGlobal
