
Microsoft Visual Studio Solution File, Format Version 12.00
# Visual Studio Version 16
VisualStudioVersion = 16.0.29306.81
MinimumVisualStudioVersion = 10.0.40219.1
Project("{FAE04EC0-301F-11D3-BF4B-00C04F79EFBC}") = "11 лаба", "11 лаба\11 лаба.csproj", "{019D3FBB-6175-46F1-8E9E-60BA5F6DE671}"
EndProject
Global
	GlobalSection(SolutionConfigurationPlatforms) = preSolution
		Debug|Any CPU = Debug|Any CPU
		Release|Any CPU = Release|Any CPU
	EndGlobalSection
	GlobalSection(ProjectConfigurationPlatforms) = postSolution
		{019D3FBB-6175-46F1-8E9E-60BA5F6DE671}.Debug|Any CPU.ActiveCfg = Debug|Any CPU
		{019D3FBB-6175-46F1-8E9E-60BA5F6DE671}.Debug|Any CPU.Build.0 = Debug|Any CPU
		{019D3FBB-6175-46F1-8E9E-60BA5F6DE671}.Release|Any CPU.ActiveCfg = Release|Any CPU
		{019D3FBB-6175-46F1-8E9E-60BA5F6DE671}.Release|Any CPU.Build.0 = Release|Any CPU
	EndGlobalSection
	GlobalSection(SolutionProperties) = preSolution
		HideSolutionNode = FALSE
	EndGlobalSection
	GlobalSection(ExtensibilityGlobals) = postSolution
		SolutionGuid = {D139D80C-161C-40DD-9818-26731171B7ED}
	EndGlobalSection
EndGlobal
